
Microsoft Visual Studio Solution File, Format Version 12.00
# Visual Studio 14
VisualStudioVersion = 14.0.23107.0
MinimumVisualStudioVersion = 10.0.40219.1
Project("{FAE04EC0-301F-11D3-BF4B-00C04F79EFBC}") = "Shell", "Shell\Shell.csproj", "{80EF3336-BFF2-40AB-864C-F07B9BFCEED1}"
EndProject
Project("{FAE04EC0-301F-11D3-BF4B-00C04F79EFBC}") = "UI", "UI\UI.csproj", "{20D8E413-A2DE-4ED4-B066-6D30D85F196C}"
EndProject
Global
	GlobalSection(SolutionConfigurationPlatforms) = preSolution
		Debug|Any CPU = Debug|Any CPU
		Release|Any CPU = Release|Any CPU
	EndGlobalSection
	GlobalSection(ProjectConfigurationPlatforms) = postSolution
		{80EF3336-BFF2-40AB-864C-F07B9BFCEED1}.Debug|Any CPU.ActiveCfg = Debug|Any CPU
		{80EF3336-BFF2-40AB-864C-F07B9BFCEED1}.Debug|Any CPU.Build.0 = Debug|Any CPU
		{80EF3336-BFF2-40AB-864C-F07B9BFCEED1}.Release|Any CPU.ActiveCfg = Release|Any CPU
		{80EF3336-BFF2-40AB-864C-F07B9BFCEED1}.Release|Any CPU.Build.0 = Release|Any CPU
		{20D8E413-A2DE-4ED4-B066-6D30D85F196C}.Debug|Any CPU.ActiveCfg = Debug|Any CPU
		{20D8E413-A2DE-4ED4-B066-6D30D85F196C}.Debug|Any CPU.Build.0 = Debug|Any CPU
		{20D8E413-A2DE-4ED4-B066-6D30D85F196C}.Release|Any CPU.ActiveCfg = Release|Any CPU
		{20D8E413-A2DE-4ED4-B066-6D30D85F196C}.Release|Any CPU.Build.0 = Release|Any CPU
	EndGlobalSection
	GlobalSection(SolutionProperties) = preSolution
		HideSolutionNode = FALSE
	EndGlobalSection
EndGlobal
